// !$*UTF8*$!
{
	archiveVersion = 1;
	classes = {
	};
	objectVersion = 46;
	objects = {

/* Begin PBXBuildFile section */
		9C5D2ABD1D0FEDC700B8CEEE /* AppDelegate.swift in Sources */ = {isa = PBXBuildFile; fileRef = 9C5D2ABC1D0FEDC700B8CEEE /* AppDelegate.swift */; };
		9C5D2ABF1D0FEDC700B8CEEE /* ViewController.swift in Sources */ = {isa = PBXBuildFile; fileRef = 9C5D2ABE1D0FEDC700B8CEEE /* ViewController.swift */; };
		9C5D2AC21D0FEDC700B8CEEE /* Main.storyboard in Resources */ = {isa = PBXBuildFile; fileRef = 9C5D2AC01D0FEDC700B8CEEE /* Main.storyboard */; };
		9C5D2AC41D0FEDC700B8CEEE /* Assets.xcassets in Resources */ = {isa = PBXBuildFile; fileRef = 9C5D2AC31D0FEDC700B8CEEE /* Assets.xcassets */; };
		9C5D2AC71D0FEDC700B8CEEE /* LaunchScreen.storyboard in Resources */ = {isa = PBXBuildFile; fileRef = 9C5D2AC51D0FEDC700B8CEEE /* LaunchScreen.storyboard */; };
/* End PBXBuildFile section */

/* Begin PBXFileReference section */
		9C5D2AB91D0FEDC700B8CEEE /* testGit.app */ = {isa = PBXFileReference; explicitFileType = wrapper.application; includeInIndex = 0; path = testGit.app; sourceTree = BUILT_PRODUCTS_DIR; };
		9C5D2ABC1D0FEDC700B8CEEE /* AppDelegate.swift */ = {isa = PBXFileReference; lastKnownFileType = sourcecode.swift; path = AppDelegate.swift; sourceTree = "<group>"; };
		9C5D2ABE1D0FEDC700B8CEEE /* ViewController.swift */ = {isa = PBXFileReference; lastKnownFileType = sourcecode.swift; path = ViewController.swift; sourceTree = "<group>"; };
		9C5D2AC11D0FEDC700B8CEEE /* Base */ = {isa = PBXFileReference; lastKnownFileType = file.storyboard; name = Base; path = Base.lproj/Main.storyboard; sourceTree = "<group>"; };
		9C5D2AC31D0FEDC700B8CEEE /* Assets.xcassets */ = {isa = PBXFileReference; lastKnownFileType = folder.assetcatalog; path = Assets.xcassets; sourceTree = "<group>"; };
		9C5D2AC61D0FEDC700B8CEEE /* Base */ = {isa = PBXFileReference; lastKnownFileType = file.storyboard; name = Base; path = Base.lproj/LaunchScreen.storyboard; sourceTree = "<group>"; };
		9C5D2AC81D0FEDC700B8CEEE /* Info.plist */ = {isa = PBXFileReference; lastKnownFileType = text.plist.xml; path = Info.plist; sourceTree = "<group>"; };
/* End PBXFileReference section */

/* Begin PBXFrameworksBuildPhase section */
		9C5D2AB61D0FEDC700B8CEEE /* Frameworks */ = {
			isa = PBXFrameworksBuildPhase;
			buildActionMask = 2147483647;
			files = (
			);
			runOnlyForDeploymentPostprocessing = 0;
		};
/* End PBXFrameworksBuildPhase section */

/* Begin PBXGroup section */
		9C5D2AB01D0FEDC700B8CEEE = {
			isa = PBXGroup;
			children = (
				9C5D2ABB1D0FEDC700B8CEEE /* testGit */,
				9C5D2ABA1D0FEDC700B8CEEE /* Products */,
			);
			sourceTree = "<group>";
		};
		9C5D2ABA1D0FEDC700B8CEEE /* Products */ = {
			isa = PBXGroup;
			children = (
				9C5D2AB91D0FEDC700B8CEEE /* testGit.app */,
			);
			name = Products;
			sourceTree = "<group>";
		};
		9C5D2ABB1D0FEDC700B8CEEE /* testGit */ = {
			isa = PBXGroup;
			children = (
				9C5D2ABC1D0FEDC700B8CEEE /* AppDelegate.swift */,
				9C5D2ABE1D0FEDC700B8CEEE /* ViewController.swift */,
				9C5D2AC01D0FEDC700B8CEEE /* Main.storyboard */,
				9C5D2AC31D0FEDC700B8CEEE /* Assets.xcassets */,
				9C5D2AC51D0FEDC700B8CEEE /* LaunchScreen.storyboard */,
				9C5D2AC81D0FEDC700B8CEEE /* Info.plist */,
			);
			path = testGit;
			sourceTree = "<group>";
		};
/* End PBXGroup section */

/* Begin PBXNativeTarget section */
		9C5D2AB81D0FEDC700B8CEEE /* testGit */ = {
			isa = PBXNativeTarget;
			buildConfigurationList = 9C5D2ACB1D0FEDC700B8CEEE /* Build configuration list for PBXNativeTarget "testGit" */;
			buildPhases = (
				9C5D2AB51D0FEDC700B8CEEE /* Sources */,
				9C5D2AB61D0FEDC700B8CEEE /* Frameworks */,
				9C5D2AB71D0FEDC700B8CEEE /* Resources */,
			);
			buildRules = (
			);
			dependencies = (
			);
			name = testGit;
			productName = testGit;
			productReference = 9C5D2AB91D0FEDC700B8CEEE /* testGit.app */;
			productType = "com.apple.product-type.application";
		};
/* End PBXNativeTarget section */

/* Begin PBXProject section */
		9C5D2AB11D0FEDC700B8CEEE /* Project object */ = {
			isa = PBXProject;
			attributes = {
				LastSwiftUpdateCheck = 0730;
				LastUpgradeCheck = 0730;
				ORGANIZATIONNAME = "United TCS";
				TargetAttributes = {
					9C5D2AB81D0FEDC700B8CEEE = {
						CreatedOnToolsVersion = 7.3.1;
					};
				};
			};
			buildConfigurationList = 9C5D2AB41D0FEDC700B8CEEE /* Build configuration list for PBXProject "testGit" */;
			compatibilityVersion = "Xcode 3.2";
			developmentRegion = English;
			hasScannedForEncodings = 0;
			knownRegions = (
				en,
				Base,
			);
			mainGroup = 9C5D2AB01D0FEDC700B8CEEE;
			productRefGroup = 9C5D2ABA1D0FEDC700B8CEEE /* Products */;
			projectDirPath = "";
			projectRoot = "";
			targets = (
				9C5D2AB81D0FEDC700B8CEEE /* testGit */,
			);
		};
/* End PBXProject section */

/* Begin PBXResourcesBuildPhase section */
		9C5D2AB71D0FEDC700B8CEEE /* Resources */ = {
			isa = PBXResourcesBuildPhase;
			buildActionMask = 2147483647;
			files = (
				9C5D2AC71D0FEDC700B8CEEE /* LaunchScreen.storyboard in Resources */,
				9C5D2AC41D0FEDC700B8CEEE /* Assets.xcassets in Resources */,
				9C5D2AC21D0FEDC700B8CEEE /* Main.storyboard in Resources */,
			);
			runOnlyForDeploymentPostprocessing = 0;
		};
/* End PBXResourcesBuildPhase section */

/* Begin PBXSourcesBuildPhase section */
		9C5D2AB51D0FEDC700B8CEEE /* Sources */ = {
			isa = PBXSourcesBuildPhase;
			buildActionMask = 2147483647;
			files = (
				9C5D2ABF1D0FEDC700B8CEEE /* ViewController.swift in Sources */,
				9C5D2ABD1D0FEDC700B8CEEE /* AppDelegate.swift in Sources */,
			);
			runOnlyForDeploymentPostprocessing = 0;
		};
/* End PBXSourcesBuildPhase section */

/* Begin PBXVariantGroup section */
		9C5D2AC01D0FEDC700B8CEEE /* Main.storyboard */ = {
			isa = PBXVariantGroup;
			children = (
				9C5D2AC11D0FEDC700B8CEEE /* Base */,
			);
			name = Main.storyboard;
			sourceTree = "<group>";
		};
		9C5D2AC51D0FEDC700B8CEEE /* LaunchScreen.storyboard */ = {
			isa = PBXVariantGroup;
			children = (
				9C5D2AC61D0FEDC700B8CEEE /* Base */,
			);
			name = LaunchScreen.storyboard;
			sourceTree = "<group>";
		};
/* End PBXVariantGroup section */

/* Begin XCBuildConfiguration section */
		9C5D2AC91D0FEDC700B8CEEE /* Debug */ = {
			isa = XCBuildConfiguration;
			buildSettings = {
				ALWAYS_SEARCH_USER_PATHS = NO;
				CLANG_ANALYZER_NONNULL = YES;
				CLANG_CXX_LANGUAGE_STANDARD = "gnu++0x";
				CLANG_CXX_LIBRARY = "libc++";
				CLANG_ENABLE_MODULES = YES;
				CLANG_ENABLE_OBJC_ARC = YES;
				CLANG_WARN_BOOL_CONVERSION = YES;
				CLANG_WARN_CONSTANT_CONVERSION = YES;
				CLANG_WARN_DIRECT_OBJC_ISA_USAGE = YES_ERROR;
				CLANG_WARN_EMPTY_BODY = YES;
				CLANG_WARN_ENUM_CONVERSION = YES;
				CLANG_WARN_INT_CONVERSION = YES;
				CLANG_WARN_OBJC_ROOT_CLASS = YES_ERROR;
				CLANG_WARN_UNREACHABLE_CODE = YES;
				CLANG_WARN__DUPLICATE_METHOD_MATCH = YES;
				"CODE_SIGN_IDENTITY[sdk=iphoneos*]" = "iPhone Developer";
				COPY_PHASE_STRIP = NO;
				DEBUG_INFORMATION_FORMAT = dwarf;
				ENABLE_STRICT_OBJC_MSGSEND = YES;
				ENABLE_TESTABILITY = YES;
				GCC_C_LANGUAGE_STANDARD = gnu99;
				GCC_DYNAMIC_NO_PIC = NO;
				GCC_NO_COMMON_BLOCKS = YES;
				GCC_OPTIMIZATION_LEVEL = 0;
				GCC_PREPROCESSOR_DEFINITIONS = (
					"DEBUG=1",
					"$(inherited)",
				);
				GCC_WARN_64_TO_32_BIT_CONVERSION = YES;
				GCC_WARN_ABOUT_RETURN_TYPE = YES_ERROR;
				GCC_WARN_UNDECLARED_SELECTOR = YES;
				GCC_WARN_UNINITIALIZED_AUTOS = YES_AGGRESSIVE;
				GCC_WARN_UNUSED_FUNCTION = YES;
				GCC_WARN_UNUSED_VARIABLE = YES;
				IPHONEOS_DEPLOYMENT_TARGET = 9.3;
				MTL_ENABLE_DEBUG_INFO = YES;
				ONLY_ACTIVE_ARCH = YES;
				SDKROOT = iphoneos;
				SWIFT_OPTIMIZATION_LEVEL = "-Onone";
				TARGETED_DEVICE_FAMILY = 2;
			};
			name = Debug;
		};
		9C5D2ACA1D0FEDC700B8CEEE /* Release */ = {
			isa = XCBuildConfiguration;
			buildSettings = {
				ALWAYS_SEARCH_USER_PATHS = NO;
				CLANG_ANALYZER_NONNULL = YES;
				CLANG_CXX_LANGUAGE_STANDARD = "gnu++0x";
				CLANG_CXX_LIBRARY = "libc++";
				CLANG_ENABLE_MODULES = YES;
				CLANG_ENABLE_OBJC_ARC = YES;
				CLANG_WARN_BOOL_CONVERSION = YES;
				CLANG_WARN_CONSTANT_CONVERSION = YES;
				CLANG_WARN_DIRECT_OBJC_ISA_USAGE = YES_ERROR;
				CLANG_WARN_EMPTY_BODY = YES;
				CLANG_WARN_ENUM_CONVERSION = YES;
				CLANG_WARN_INT_CONVERSION = YES;
				CLANG_WARN_OBJC_ROOT_CLASS = YES_ERROR;
				CLANG_WARN_UNREACHABLE_CODE = YES;
				CLANG_WARN__DUPLICATE_METHOD_MATCH = YES;
				"CODE_SIGN_IDENTITY[sdk=iphoneos*]" = "iPhone Developer";
				COPY_PHASE_STRIP = NO;
				DEBUG_INFORMATION_FORMAT = "dwarf-with-dsym";
				ENABLE_NS_ASSERTIONS = NO;
				ENABLE_STRICT_OBJC_MSGSEND = YES;
				GCC_C_LANGUAGE_STANDARD = gnu99;
				GCC_NO_COMMON_BLOCKS = YES;
				GCC_WARN_64_TO_32_BIT_CONVERSION = YES;
				GCC_WARN_ABOUT_RETURN_TYPE = YES_ERROR;
				GCC_WARN_UNDECLARED_SELECTOR = YES;
				GCC_WARN_UNINITIALIZED_AUTOS = YES_AGGRESSIVE;
				GCC_WARN_UNUSED_FUNCTION = YES;
				GCC_WARN_UNUSED_VARIABLE = YES;
				IPHONEOS_DEPLOYMENT_TARGET = 9.3;
				MTL_ENABLE_DEBUG_INFO = NO;
				SDKROOT = iphoneos;
				TARGETED_DEVICE_FAMILY = 2;
				VALIDATE_PRODUCT = YES;
			};
			name = Release;
		};
		9C5D2ACC1D0FEDC700B8CEEE /* Debug */ = {
			isa = XCBuildConfiguration;
			buildSettings = {
				ASSETCATALOG_COMPILER_APPICON_NAME = AppIcon;
				INFOPLIST_FILE = testGit/Info.plist;
				LD_RUNPATH_SEARCH_PATHS = "$(inherited) @executable_path/Frameworks";
				PRODUCT_BUNDLE_IDENTIFIER = TCS.testGit;
				PRODUCT_NAME = "$(TARGET_NAME)";
			};
			name = Debug;
		};
		9C5D2ACD1D0FEDC700B8CEEE /* Release */ = {
			isa = XCBuildConfiguration;
			buildSettings = {
				ASSETCATALOG_COMPILER_APPICON_NAME = AppIcon;
				INFOPLIST_FILE = testGit/Info.plist;
				LD_RUNPATH_SEARCH_PATHS = "$(inherited) @executable_path/Frameworks";
				PRODUCT_BUNDLE_IDENTIFIER = TCS.testGit;
				PRODUCT_NAME = "$(TARGET_NAME)";
			};
			name = Release;
		};
/* End XCBuildConfiguration section */

/* Begin XCConfigurationList section */
		9C5D2AB41D0FEDC700B8CEEE /* Build configuration list for PBXProject "testGit" */ = {
			isa = XCConfigurationList;
			buildConfigurations = (
				9C5D2AC91D0FEDC700B8CEEE /* Debug */,
				9C5D2ACA1D0FEDC700B8CEEE /* Release */,
			);
			defaultConfigurationIsVisible = 0;
			defaultConfigurationName = Release;
		};
		9C5D2ACB1D0FEDC700B8CEEE /* Build configuration list for PBXNativeTarget "testGit" */ = {
			isa = XCConfigurationList;
			buildConfigurations = (
				9C5D2ACC1D0FEDC700B8CEEE /* Debug */,
				9C5D2ACD1D0FEDC700B8CEEE /* Release */,
			);
			defaultConfigurationIsVisible = 0;
		};
/* End XCConfigurationList section */
	};
	rootObject = 9C5D2AB11D0FEDC700B8CEEE /* Project object */;
}
